
Microsoft Visual Studio Solution File, Format Version 12.00
# Visual Studio Version 17
VisualStudioVersion = 17.7.34031.279
MinimumVisualStudioVersion = 10.0.40219.1
Project("{8BC9CEB8-8B4A-11D0-8D11-00A0C91BC942}") = "Laba 4(2)", "Laba 4(2).vcxproj", "{FA96081F-F473-4F75-B93A-50C54E8BAAB1}"
EndProject
Global
	GlobalSection(SolutionConfigurationPlatforms) = preSolution
		Debug|x64 = Debug|x64
		Debug|x86 = Debug|x86
		Release|x64 = Release|x64
		Release|x86 = Release|x86
	EndGlobalSection
	GlobalSection(ProjectConfigurationPlatforms) = postSolution
		{FA96081F-F473-4F75-B93A-50C54E8BAAB1}.Debug|x64.ActiveCfg = Debug|x64
		{FA96081F-F473-4F75-B93A-50C54E8BAAB1}.Debug|x64.Build.0 = Debug|x64
		{FA96081F-F473-4F75-B93A-50C54E8BAAB1}.Debug|x86.ActiveCfg = Debug|Win32
		{FA96081F-F473-4F75-B93A-50C54E8BAAB1}.Debug|x86.Build.0 = Debug|Win32
		{FA96081F-F473-4F75-B93A-50C54E8BAAB1}.Release|x64.ActiveCfg = Release|x64
		{FA96081F-F473-4F75-B93A-50C54E8BAAB1}.Release|x64.Build.0 = Release|x64
		{FA96081F-F473-4F75-B93A-50C54E8BAAB1}.Release|x86.ActiveCfg = Release|Win32
		{FA96081F-F473-4F75-B93A-50C54E8BAAB1}.Release|x86.Build.0 = Release|Win32
	EndGlobalSection
	GlobalSection(SolutionProperties) = preSolution
		HideSolutionNode = FALSE
	EndGlobalSection
	GlobalSection(ExtensibilityGlobals) = postSolution
		SolutionGuid = {B8151DCE-0C4D-4E30-B50B-A9502DE7A5E6}
	EndGlobalSection
EndGlobal
