
Microsoft Visual Studio Solution File, Format Version 12.00
# Visual Studio Version 17
VisualStudioVersion = 17.8.34322.80
MinimumVisualStudioVersion = 10.0.40219.1
Project("{8BC9CEB8-8B4A-11D0-8D11-00A0C91BC942}") = "Laba 8(3)", "Laba 8(3).vcxproj", "{0E385080-1481-466B-9551-3949322B87A9}"
EndProject
Global
	GlobalSection(SolutionConfigurationPlatforms) = preSolution
		Debug|x64 = Debug|x64
		Debug|x86 = Debug|x86
		Release|x64 = Release|x64
		Release|x86 = Release|x86
	EndGlobalSection
	GlobalSection(ProjectConfigurationPlatforms) = postSolution
		{0E385080-1481-466B-9551-3949322B87A9}.Debug|x64.ActiveCfg = Debug|x64
		{0E385080-1481-466B-9551-3949322B87A9}.Debug|x64.Build.0 = Debug|x64
		{0E385080-1481-466B-9551-3949322B87A9}.Debug|x86.ActiveCfg = Debug|Win32
		{0E385080-1481-466B-9551-3949322B87A9}.Debug|x86.Build.0 = Debug|Win32
		{0E385080-1481-466B-9551-3949322B87A9}.Release|x64.ActiveCfg = Release|x64
		{0E385080-1481-466B-9551-3949322B87A9}.Release|x64.Build.0 = Release|x64
		{0E385080-1481-466B-9551-3949322B87A9}.Release|x86.ActiveCfg = Release|Win32
		{0E385080-1481-466B-9551-3949322B87A9}.Release|x86.Build.0 = Release|Win32
	EndGlobalSection
	GlobalSection(SolutionProperties) = preSolution
		HideSolutionNode = FALSE
	EndGlobalSection
	GlobalSection(ExtensibilityGlobals) = postSolution
		SolutionGuid = {2741D5E6-39C2-4088-8383-BEAA81B2E94F}
	EndGlobalSection
EndGlobal
