
Microsoft Visual Studio Solution File, Format Version 12.00
# Visual Studio Version 17
VisualStudioVersion = 17.7.34221.43
MinimumVisualStudioVersion = 10.0.40219.1
Project("{8BC9CEB8-8B4A-11D0-8D11-00A0C91BC942}") = "Laba 7(1)", "Laba 7(1).vcxproj", "{C2B829C2-0A2D-42DE-B704-7D5ED1180CDD}"
EndProject
Global
	GlobalSection(SolutionConfigurationPlatforms) = preSolution
		Debug|x64 = Debug|x64
		Debug|x86 = Debug|x86
		Release|x64 = Release|x64
		Release|x86 = Release|x86
	EndGlobalSection
	GlobalSection(ProjectConfigurationPlatforms) = postSolution
		{C2B829C2-0A2D-42DE-B704-7D5ED1180CDD}.Debug|x64.ActiveCfg = Debug|x64
		{C2B829C2-0A2D-42DE-B704-7D5ED1180CDD}.Debug|x64.Build.0 = Debug|x64
		{C2B829C2-0A2D-42DE-B704-7D5ED1180CDD}.Debug|x86.ActiveCfg = Debug|Win32
		{C2B829C2-0A2D-42DE-B704-7D5ED1180CDD}.Debug|x86.Build.0 = Debug|Win32
		{C2B829C2-0A2D-42DE-B704-7D5ED1180CDD}.Release|x64.ActiveCfg = Release|x64
		{C2B829C2-0A2D-42DE-B704-7D5ED1180CDD}.Release|x64.Build.0 = Release|x64
		{C2B829C2-0A2D-42DE-B704-7D5ED1180CDD}.Release|x86.ActiveCfg = Release|Win32
		{C2B829C2-0A2D-42DE-B704-7D5ED1180CDD}.Release|x86.Build.0 = Release|Win32
	EndGlobalSection
	GlobalSection(SolutionProperties) = preSolution
		HideSolutionNode = FALSE
	EndGlobalSection
	GlobalSection(ExtensibilityGlobals) = postSolution
		SolutionGuid = {C3F01AC6-7947-47AC-8523-46615AFF868D}
	EndGlobalSection
EndGlobal
