
Microsoft Visual Studio Solution File, Format Version 12.00
# Visual Studio Version 17
VisualStudioVersion = 17.7.34031.279
MinimumVisualStudioVersion = 10.0.40219.1
Project("{8BC9CEB8-8B4A-11D0-8D11-00A0C91BC942}") = "Laba 4(1)", "Laba 4(1).vcxproj", "{A41C0208-4DF8-4352-AA3F-EC951921C1E1}"
EndProject
Global
	GlobalSection(SolutionConfigurationPlatforms) = preSolution
		Debug|x64 = Debug|x64
		Debug|x86 = Debug|x86
		Release|x64 = Release|x64
		Release|x86 = Release|x86
	EndGlobalSection
	GlobalSection(ProjectConfigurationPlatforms) = postSolution
		{A41C0208-4DF8-4352-AA3F-EC951921C1E1}.Debug|x64.ActiveCfg = Debug|x64
		{A41C0208-4DF8-4352-AA3F-EC951921C1E1}.Debug|x64.Build.0 = Debug|x64
		{A41C0208-4DF8-4352-AA3F-EC951921C1E1}.Debug|x86.ActiveCfg = Debug|Win32
		{A41C0208-4DF8-4352-AA3F-EC951921C1E1}.Debug|x86.Build.0 = Debug|Win32
		{A41C0208-4DF8-4352-AA3F-EC951921C1E1}.Release|x64.ActiveCfg = Release|x64
		{A41C0208-4DF8-4352-AA3F-EC951921C1E1}.Release|x64.Build.0 = Release|x64
		{A41C0208-4DF8-4352-AA3F-EC951921C1E1}.Release|x86.ActiveCfg = Release|Win32
		{A41C0208-4DF8-4352-AA3F-EC951921C1E1}.Release|x86.Build.0 = Release|Win32
	EndGlobalSection
	GlobalSection(SolutionProperties) = preSolution
		HideSolutionNode = FALSE
	EndGlobalSection
	GlobalSection(ExtensibilityGlobals) = postSolution
		SolutionGuid = {215016BC-F9F5-462F-BAC0-E4601584580B}
	EndGlobalSection
EndGlobal
